// !$*UTF8*$!
{
	archiveVersion = 1;
	classes = {
	};
	objectVersion = 46;
	objects = {

/* Begin PBXBuildFile section */
		42002629178ADE550000AA09 /* CoreDataTVC.m in Sources */ = {isa = PBXBuildFile; fileRef = 42002628178ADE550000AA09 /* CoreDataTVC.m */; };
		4203047517C6FE8D000C7FE7 /* Deduplicator.m in Sources */ = {isa = PBXBuildFile; fileRef = 4203047417C6FE8D000C7FE7 /* Deduplicator.m */; };
		4203047917C7012C000C7FE7 /* Location.m in Sources */ = {isa = PBXBuildFile; fileRef = 4203047817C7012C000C7FE7 /* Location.m */; };
		4203047C17C7012C000C7FE7 /* LocationAtShop.m in Sources */ = {isa = PBXBuildFile; fileRef = 4203047B17C7012C000C7FE7 /* LocationAtShop.m */; };
		4203047F17C7012D000C7FE7 /* LocationAtHome.m in Sources */ = {isa = PBXBuildFile; fileRef = 4203047E17C7012C000C7FE7 /* LocationAtHome.m */; };
		4203048217C7012D000C7FE7 /* Item.m in Sources */ = {isa = PBXBuildFile; fileRef = 4203048117C7012D000C7FE7 /* Item.m */; };
		4203048517C7012D000C7FE7 /* Item_Photo.m in Sources */ = {isa = PBXBuildFile; fileRef = 4203048417C7012D000C7FE7 /* Item_Photo.m */; };
		4203048817C7012D000C7FE7 /* Unit.m in Sources */ = {isa = PBXBuildFile; fileRef = 4203048717C7012D000C7FE7 /* Unit.m */; };
		421EBC1817C4A25500F5DA32 /* Settings.bundle in Resources */ = {isa = PBXBuildFile; fileRef = 421EBC1717C4A25500F5DA32 /* Settings.bundle */; };
		4227D4F5177DB1E10017DF21 /* Foundation.framework in Frameworks */ = {isa = PBXBuildFile; fileRef = 4227D4F4177DB1E10017DF21 /* Foundation.framework */; };
		4227D4F7177DB1E10017DF21 /* CoreGraphics.framework in Frameworks */ = {isa = PBXBuildFile; fileRef = 4227D4F6177DB1E10017DF21 /* CoreGraphics.framework */; };
		4227D4F9177DB1E10017DF21 /* UIKit.framework in Frameworks */ = {isa = PBXBuildFile; fileRef = 4227D4F8177DB1E10017DF21 /* UIKit.framework */; };
		4227D4FF177DB1E10017DF21 /* InfoPlist.strings in Resources */ = {isa = PBXBuildFile; fileRef = 4227D4FD177DB1E10017DF21 /* InfoPlist.strings */; };
		4227D501177DB1E10017DF21 /* main.m in Sources */ = {isa = PBXBuildFile; fileRef = 4227D500177DB1E10017DF21 /* main.m */; };
		4227D505177DB1E10017DF21 /* AppDelegate.m in Sources */ = {isa = PBXBuildFile; fileRef = 4227D504177DB1E10017DF21 /* AppDelegate.m */; };
		4227D508177DB1E10017DF21 /* Main.storyboard in Resources */ = {isa = PBXBuildFile; fileRef = 4227D506177DB1E10017DF21 /* Main.storyboard */; };
		4227D50B177DB1E10017DF21 /* ViewController.m in Sources */ = {isa = PBXBuildFile; fileRef = 4227D50A177DB1E10017DF21 /* ViewController.m */; };
		4227D50D177DB1E10017DF21 /* Images.xcassets in Resources */ = {isa = PBXBuildFile; fileRef = 4227D50C177DB1E10017DF21 /* Images.xcassets */; };
		4227D514177DB1E10017DF21 /* XCTest.framework in Frameworks */ = {isa = PBXBuildFile; fileRef = 4227D513177DB1E10017DF21 /* XCTest.framework */; };
		4227D515177DB1E10017DF21 /* Foundation.framework in Frameworks */ = {isa = PBXBuildFile; fileRef = 4227D4F4177DB1E10017DF21 /* Foundation.framework */; };
		4227D516177DB1E10017DF21 /* UIKit.framework in Frameworks */ = {isa = PBXBuildFile; fileRef = 4227D4F8177DB1E10017DF21 /* UIKit.framework */; };
		4227D51E177DB1E10017DF21 /* InfoPlist.strings in Resources */ = {isa = PBXBuildFile; fileRef = 4227D51C177DB1E10017DF21 /* InfoPlist.strings */; };
		4227D520177DB1E10017DF21 /* Grocery_DudeTests.m in Sources */ = {isa = PBXBuildFile; fileRef = 4227D51F177DB1E10017DF21 /* Grocery_DudeTests.m */; };
		422C35D217A9C8C100531743 /* Dropbox.framework in Frameworks */ = {isa = PBXBuildFile; fileRef = 422C35D117A9C8C100531743 /* Dropbox.framework */; };
		422C35D417A9C8F600531743 /* libc++.dylib in Frameworks */ = {isa = PBXBuildFile; fileRef = 422C35D317A9C8F600531743 /* libc++.dylib */; };
		422C35D617A9C90100531743 /* CFNetwork.framework in Frameworks */ = {isa = PBXBuildFile; fileRef = 422C35D517A9C90100531743 /* CFNetwork.framework */; };
		422C35D817A9C90C00531743 /* Security.framework in Frameworks */ = {isa = PBXBuildFile; fileRef = 422C35D717A9C90C00531743 /* Security.framework */; };
		422C35DA17A9C91800531743 /* SystemConfiguration.framework in Frameworks */ = {isa = PBXBuildFile; fileRef = 422C35D917A9C91800531743 /* SystemConfiguration.framework */; };
		422C35DC17A9C92600531743 /* QuartzCore.framework in Frameworks */ = {isa = PBXBuildFile; fileRef = 422C35DB17A9C92600531743 /* QuartzCore.framework */; };
		422C35DF17A9F41B00531743 /* DropboxHelper.m in Sources */ = {isa = PBXBuildFile; fileRef = 422C35DE17A9F41B00531743 /* DropboxHelper.m */; };
		422C35E217A9F60A00531743 /* DropboxTVC.m in Sources */ = {isa = PBXBuildFile; fileRef = 422C35E117A9F60A00531743 /* DropboxTVC.m */; };
		422C361617A9FDFA00531743 /* FileInZipInfo.m in Sources */ = {isa = PBXBuildFile; fileRef = 422C35E717A9FDFA00531743 /* FileInZipInfo.m */; };
		422C361717A9FDFA00531743 /* ioapi.c in Sources */ = {isa = PBXBuildFile; fileRef = 422C35EA17A9FDFA00531743 /* ioapi.c */; };
		422C361817A9FDFA00531743 /* mztools.c in Sources */ = {isa = PBXBuildFile; fileRef = 422C35EC17A9FDFA00531743 /* mztools.c */; };
		422C361917A9FDFA00531743 /* unzip.c in Sources */ = {isa = PBXBuildFile; fileRef = 422C35EE17A9FDFA00531743 /* unzip.c */; };
		422C361A17A9FDFA00531743 /* zip.c in Sources */ = {isa = PBXBuildFile; fileRef = 422C35F017A9FDFA00531743 /* zip.c */; };
		422C361B17A9FDFA00531743 /* ZipException.m in Sources */ = {isa = PBXBuildFile; fileRef = 422C35F417A9FDFA00531743 /* ZipException.m */; };
		422C361C17A9FDFA00531743 /* ZipFile.m in Sources */ = {isa = PBXBuildFile; fileRef = 422C35F617A9FDFA00531743 /* ZipFile.m */; };
		422C361D17A9FDFA00531743 /* ZipReadStream.m in Sources */ = {isa = PBXBuildFile; fileRef = 422C35F817A9FDFA00531743 /* ZipReadStream.m */; };
		422C361E17A9FDFA00531743 /* ZipWriteStream.m in Sources */ = {isa = PBXBuildFile; fileRef = 422C35FA17A9FDFA00531743 /* ZipWriteStream.m */; };
		422C361F17A9FDFA00531743 /* adler32.c in Sources */ = {isa = PBXBuildFile; fileRef = 422C35FC17A9FDFA00531743 /* adler32.c */; };
		422C362017A9FDFA00531743 /* compress.c in Sources */ = {isa = PBXBuildFile; fileRef = 422C35FD17A9FDFA00531743 /* compress.c */; };
		422C362117A9FDFA00531743 /* crc32.c in Sources */ = {isa = PBXBuildFile; fileRef = 422C35FE17A9FDFA00531743 /* crc32.c */; };
		422C362217A9FDFA00531743 /* deflate.c in Sources */ = {isa = PBXBuildFile; fileRef = 422C360017A9FDFA00531743 /* deflate.c */; };
		422C362317A9FDFA00531743 /* gzclose.c in Sources */ = {isa = PBXBuildFile; fileRef = 422C360217A9FDFA00531743 /* gzclose.c */; };
		422C362417A9FDFA00531743 /* gzlib.c in Sources */ = {isa = PBXBuildFile; fileRef = 422C360417A9FDFA00531743 /* gzlib.c */; };
		422C362517A9FDFA00531743 /* gzread.c in Sources */ = {isa = PBXBuildFile; fileRef = 422C360517A9FDFA00531743 /* gzread.c */; };
		422C362617A9FDFA00531743 /* gzwrite.c in Sources */ = {isa = PBXBuildFile; fileRef = 422C360617A9FDFA00531743 /* gzwrite.c */; };
		422C362717A9FDFA00531743 /* infback.c in Sources */ = {isa = PBXBuildFile; fileRef = 422C360717A9FDFA00531743 /* infback.c */; };
		422C362817A9FDFA00531743 /* inffast.c in Sources */ = {isa = PBXBuildFile; fileRef = 422C360817A9FDFA00531743 /* inffast.c */; };
		422C362917A9FDFA00531743 /* inflate.c in Sources */ = {isa = PBXBuildFile; fileRef = 422C360B17A9FDFA00531743 /* inflate.c */; };
		422C362A17A9FDFA00531743 /* inftrees.c in Sources */ = {isa = PBXBuildFile; fileRef = 422C360D17A9FDFA00531743 /* inftrees.c */; };
		422C362B17A9FDFA00531743 /* trees.c in Sources */ = {isa = PBXBuildFile; fileRef = 422C360F17A9FDFA00531743 /* trees.c */; };
		422C362C17A9FDFA00531743 /* uncompr.c in Sources */ = {isa = PBXBuildFile; fileRef = 422C361117A9FDFA00531743 /* uncompr.c */; };
		422C362D17A9FDFA00531743 /* zutil.c in Sources */ = {isa = PBXBuildFile; fileRef = 422C361417A9FDFA00531743 /* zutil.c */; };
		424C6189178FE910005402F1 /* UnitsTVC.m in Sources */ = {isa = PBXBuildFile; fileRef = 424C6188178FE910005402F1 /* UnitsTVC.m */; };
		424C618C178FE9F0005402F1 /* UnitVC.m in Sources */ = {isa = PBXBuildFile; fileRef = 424C618B178FE9F0005402F1 /* UnitVC.m */; };
		424C6191178FECF2005402F1 /* LocationsAtHomeTVC.m in Sources */ = {isa = PBXBuildFile; fileRef = 424C618E178FECF2005402F1 /* LocationsAtHomeTVC.m */; };
		424C6192178FECF2005402F1 /* LocationsAtShopTVC.m in Sources */ = {isa = PBXBuildFile; fileRef = 424C6190178FECF2005402F1 /* LocationsAtShopTVC.m */; };
		424C6197178FED01005402F1 /* LocationAtHomeVC.m in Sources */ = {isa = PBXBuildFile; fileRef = 424C6194178FED01005402F1 /* LocationAtHomeVC.m */; };
		424C6198178FED01005402F1 /* LocationAtShopVC.m in Sources */ = {isa = PBXBuildFile; fileRef = 424C6196178FED01005402F1 /* LocationAtShopVC.m */; };
		425E569D17A6338800BC94CF /* Faulter.m in Sources */ = {isa = PBXBuildFile; fileRef = 425E569C17A6338800BC94CF /* Faulter.m */; };
		425E56A017A6369E00BC94CF /* Thumbnailer.m in Sources */ = {isa = PBXBuildFile; fileRef = 425E569F17A6369E00BC94CF /* Thumbnailer.m */; };
		427ACA33178122CD002E5F24 /* Model.xcdatamodeld in Sources */ = {isa = PBXBuildFile; fileRef = 427ACA31178122CD002E5F24 /* Model.xcdatamodeld */; };
		428FD0051796B12C002E0D33 /* CoreDataPickerTF.m in Sources */ = {isa = PBXBuildFile; fileRef = 428FD0041796B12C002E0D33 /* CoreDataPickerTF.m */; };
		428FD0091796B223002E0D33 /* UnitPickerTF.m in Sources */ = {isa = PBXBuildFile; fileRef = 428FD0081796B223002E0D33 /* UnitPickerTF.m */; };
		428FD00C1796B532002E0D33 /* LocationAtHomePickerTF.m in Sources */ = {isa = PBXBuildFile; fileRef = 428FD00B1796B532002E0D33 /* LocationAtHomePickerTF.m */; };
		428FD00F1796B578002E0D33 /* LocationAtShopPickerTF.m in Sources */ = {isa = PBXBuildFile; fileRef = 428FD00E1796B578002E0D33 /* LocationAtShopPickerTF.m */; };
		42CB352E17843E040014CF8D /* Measurement.m in Sources */ = {isa = PBXBuildFile; fileRef = 42CB352D17843E040014CF8D /* Measurement.m */; };
		42CB3532178440190014CF8D /* Amount.m in Sources */ = {isa = PBXBuildFile; fileRef = 42CB3531178440190014CF8D /* Amount.m */; };
		42CC8BBF178440C000BC85C2 /* Model2toModel3.xcmappingmodel in Sources */ = {isa = PBXBuildFile; fileRef = 42CC8BBE178440C000BC85C2 /* Model2toModel3.xcmappingmodel */; };
		42CC8BC31784475000BC85C2 /* MigrationVC.m in Sources */ = {isa = PBXBuildFile; fileRef = 42CC8BC21784475000BC85C2 /* MigrationVC.m */; };
		42D00207178B674200DBE6FB /* PrepareTVC.m in Sources */ = {isa = PBXBuildFile; fileRef = 42D00206178B674200DBE6FB /* PrepareTVC.m */; };
		42D0020A178B74C700DBE6FB /* ShopTVC.m in Sources */ = {isa = PBXBuildFile; fileRef = 42D00209178B74C700DBE6FB /* ShopTVC.m */; };
		42D8481C17A55310005BF2F6 /* Model7toModel8.xcmappingmodel in Sources */ = {isa = PBXBuildFile; fileRef = 42D8481B17A55310005BF2F6 /* Model7toModel8.xcmappingmodel */; };
		42D8485417A55489005BF2F6 /* DefaultData.sqlite in Resources */ = {isa = PBXBuildFile; fileRef = 42D8485317A55489005BF2F6 /* DefaultData.sqlite */; };
		42D8A17F179BFF7500273DAD /* DefaultData.xml in Resources */ = {isa = PBXBuildFile; fileRef = 42D8A17E179BFF7500273DAD /* DefaultData.xml */; };
		42D8A182179C835200273DAD /* CoreDataImporter.m in Sources */ = {isa = PBXBuildFile; fileRef = 42D8A181179C835200273DAD /* CoreDataImporter.m */; };
		42F12F28178003C0001E0D8F /* CoreData.framework in Frameworks */ = {isa = PBXBuildFile; fileRef = 42F12F27178003C0001E0D8F /* CoreData.framework */; };
		42F12F2C1780078D001E0D8F /* CoreDataHelper.m in Sources */ = {isa = PBXBuildFile; fileRef = 42F12F2B1780078D001E0D8F /* CoreDataHelper.m */; };
		42F4F988178F5E5000081A52 /* ItemVC.m in Sources */ = {isa = PBXBuildFile; fileRef = 42F4F987178F5E5000081A52 /* ItemVC.m */; };
		42F80B7D17844C0000B9E2B0 /* Model3toModel4.xcmappingmodel in Sources */ = {isa = PBXBuildFile; fileRef = 42F80B7C17844C0000B9E2B0 /* Model3toModel4.xcmappingmodel */; };
/* End PBXBuildFile section */

/* Begin PBXContainerItemProxy section */
		4227D517177DB1E10017DF21 /* PBXContainerItemProxy */ = {
			isa = PBXContainerItemProxy;
			containerPortal = 4227D4E9177DB1E10017DF21 /* Project object */;
			proxyType = 1;
			remoteGlobalIDString = 4227D4F0177DB1E10017DF21;
			remoteInfo = "Grocery Dude";
		};
/* End PBXContainerItemProxy section */

/* Begin PBXFileReference section */
		42002627178ADE550000AA09 /* CoreDataTVC.h */ = {isa = PBXFileReference; fileEncoding = 4; lastKnownFileType = sourcecode.c.h; path = CoreDataTVC.h; sourceTree = "<group>"; };
		42002628178ADE550000AA09 /* CoreDataTVC.m */ = {isa = PBXFileReference; fileEncoding = 4; lastKnownFileType = sourcecode.c.objc; path = CoreDataTVC.m; sourceTree = "<group>"; };
		4203047317C6FE8D000C7FE7 /* Deduplicator.h */ = {isa = PBXFileReference; fileEncoding = 4; lastKnownFileType = sourcecode.c.h; path = Deduplicator.h; sourceTree = "<group>"; };
		4203047417C6FE8D000C7FE7 /* Deduplicator.m */ = {isa = PBXFileReference; fileEncoding = 4; lastKnownFileType = sourcecode.c.objc; path = Deduplicator.m; sourceTree = "<group>"; };
		4203047617C70086000C7FE7 /* Model 9.xcdatamodel */ = {isa = PBXFileReference; lastKnownFileType = file; path = "Model 9.xcdatamodel"; sourceTree = "<group>"; };
		4203047717C7012C000C7FE7 /* Location.h */ = {isa = PBXFileReference; fileEncoding = 4; lastKnownFileType = sourcecode.c.h; path = Location.h; sourceTree = "<group>"; };
		4203047817C7012C000C7FE7 /* Location.m */ = {isa = PBXFileReference; fileEncoding = 4; lastKnownFileType = sourcecode.c.objc; path = Location.m; sourceTree = "<group>"; };
		4203047A17C7012C000C7FE7 /* LocationAtShop.h */ = {isa = PBXFileReference; fileEncoding = 4; lastKnownFileType = sourcecode.c.h; path = LocationAtShop.h; sourceTree = "<group>"; };
		4203047B17C7012C000C7FE7 /* LocationAtShop.m */ = {isa = PBXFileReference; fileEncoding = 4; lastKnownFileType = sourcecode.c.objc; path = LocationAtShop.m; sourceTree = "<group>"; };
		4203047D17C7012C000C7FE7 /* LocationAtHome.h */ = {isa = PBXFileReference; fileEncoding = 4; lastKnownFileType = sourcecode.c.h; path = LocationAtHome.h; sourceTree = "<group>"; };
		4203047E17C7012C000C7FE7 /* LocationAtHome.m */ = {isa = PBXFileReference; fileEncoding = 4; lastKnownFileType = sourcecode.c.objc; path = LocationAtHome.m; sourceTree = "<group>"; };
		4203048017C7012D000C7FE7 /* Item.h */ = {isa = PBXFileReference; fileEncoding = 4; lastKnownFileType = sourcecode.c.h; path = Item.h; sourceTree = "<group>"; };
		4203048117C7012D000C7FE7 /* Item.m */ = {isa = PBXFileReference; fileEncoding = 4; lastKnownFileType = sourcecode.c.objc; path = Item.m; sourceTree = "<group>"; };
		4203048317C7012D000C7FE7 /* Item_Photo.h */ = {isa = PBXFileReference; fileEncoding = 4; lastKnownFileType = sourcecode.c.h; path = Item_Photo.h; sourceTree = "<group>"; };
		4203048417C7012D000C7FE7 /* Item_Photo.m */ = {isa = PBXFileReference; fileEncoding = 4; lastKnownFileType = sourcecode.c.objc; path = Item_Photo.m; sourceTree = "<group>"; };
		4203048617C7012D000C7FE7 /* Unit.h */ = {isa = PBXFileReference; fileEncoding = 4; lastKnownFileType = sourcecode.c.h; path = Unit.h; sourceTree = "<group>"; };
		4203048717C7012D000C7FE7 /* Unit.m */ = {isa = PBXFileReference; fileEncoding = 4; lastKnownFileType = sourcecode.c.objc; path = Unit.m; sourceTree = "<group>"; };
		4207C1E21788207C00B82E38 /* Model 5.xcdatamodel */ = {isa = PBXFileReference; lastKnownFileType = wrapper.xcdatamodel; path = "Model 5.xcdatamodel"; sourceTree = "<group>"; };
		4207C1E917882BE700B82E38 /* Model 6.xcdatamodel */ = {isa = PBXFileReference; lastKnownFileType = wrapper.xcdatamodel; path = "Model 6.xcdatamodel"; sourceTree = "<group>"; };
		421EBC1617C498B600F5DA32 /* Grocery Dude.entitlements */ = {isa = PBXFileReference; lastKnownFileType = text.xml; path = "Grocery Dude.entitlements"; sourceTree = "<group>"; };
		421EBC1717C4A25500F5DA32 /* Settings.bundle */ = {isa = PBXFileReference; lastKnownFileType = "wrapper.plug-in"; path = Settings.bundle; sourceTree = "<group>"; };
		4227D4F1177DB1E10017DF21 /* Grocery Dude.app */ = {isa = PBXFileReference; explicitFileType = wrapper.application; includeInIndex = 0; path = "Grocery Dude.app"; sourceTree = BUILT_PRODUCTS_DIR; };
		4227D4F4177DB1E10017DF21 /* Foundation.framework */ = {isa = PBXFileReference; lastKnownFileType = wrapper.framework; name = Foundation.framework; path = System/Library/Frameworks/Foundation.framework; sourceTree = SDKROOT; };
		4227D4F6177DB1E10017DF21 /* CoreGraphics.framework */ = {isa = PBXFileReference; lastKnownFileType = wrapper.framework; name = CoreGraphics.framework; path = System/Library/Frameworks/CoreGraphics.framework; sourceTree = SDKROOT; };
		4227D4F8177DB1E10017DF21 /* UIKit.framework */ = {isa = PBXFileReference; lastKnownFileType = wrapper.framework; name = UIKit.framework; path = System/Library/Frameworks/UIKit.framework; sourceTree = SDKROOT; };
		4227D4FC177DB1E10017DF21 /* Grocery Dude-Info.plist */ = {isa = PBXFileReference; lastKnownFileType = text.plist.xml; path = "Grocery Dude-Info.plist"; sourceTree = "<group>"; };
		4227D4FE177DB1E10017DF21 /* en */ = {isa = PBXFileReference; lastKnownFileType = text.plist.strings; name = en; path = en.lproj/InfoPlist.strings; sourceTree = "<group>"; };
		4227D500177DB1E10017DF21 /* main.m */ = {isa = PBXFileReference; lastKnownFileType = sourcecode.c.objc; path = main.m; sourceTree = "<group>"; };
		4227D502177DB1E10017DF21 /* Grocery Dude-Prefix.pch */ = {isa = PBXFileReference; lastKnownFileType = sourcecode.c.h; path = "Grocery Dude-Prefix.pch"; sourceTree = "<group>"; };
		4227D503177DB1E10017DF21 /* AppDelegate.h */ = {isa = PBXFileReference; lastKnownFileType = sourcecode.c.h; path = AppDelegate.h; sourceTree = "<group>"; };
		4227D504177DB1E10017DF21 /* AppDelegate.m */ = {isa = PBXFileReference; lastKnownFileType = sourcecode.c.objc; path = AppDelegate.m; sourceTree = "<group>"; };
		4227D507177DB1E10017DF21 /* Base */ = {isa = PBXFileReference; lastKnownFileType = file.storyboard; name = Base; path = Base.lproj/Main.storyboard; sourceTree = "<group>"; };
		4227D509177DB1E10017DF21 /* ViewController.h */ = {isa = PBXFileReference; lastKnownFileType = sourcecode.c.h; path = ViewController.h; sourceTree = "<group>"; };
		4227D50A177DB1E10017DF21 /* ViewController.m */ = {isa = PBXFileReference; lastKnownFileType = sourcecode.c.objc; path = ViewController.m; sourceTree = "<group>"; };
		4227D50C177DB1E10017DF21 /* Images.xcassets */ = {isa = PBXFileReference; lastKnownFileType = folder.assetcatalog; path = Images.xcassets; sourceTree = "<group>"; };
		4227D512177DB1E10017DF21 /* Grocery DudeTests.xctest */ = {isa = PBXFileReference; explicitFileType = wrapper.cfbundle; includeInIndex = 0; path = "Grocery DudeTests.xctest"; sourceTree = BUILT_PRODUCTS_DIR; };
		4227D513177DB1E10017DF21 /* XCTest.framework */ = {isa = PBXFileReference; lastKnownFileType = wrapper.framework; name = XCTest.framework; path = Library/Frameworks/XCTest.framework; sourceTree = DEVELOPER_DIR; };
		4227D51B177DB1E10017DF21 /* Grocery DudeTests-Info.plist */ = {isa = PBXFileReference; lastKnownFileType = text.plist.xml; path = "Grocery DudeTests-Info.plist"; sourceTree = "<group>"; };
		4227D51D177DB1E10017DF21 /* en */ = {isa = PBXFileReference; lastKnownFileType = text.plist.strings; name = en; path = en.lproj/InfoPlist.strings; sourceTree = "<group>"; };
		4227D51F177DB1E10017DF21 /* Grocery_DudeTests.m */ = {isa = PBXFileReference; lastKnownFileType = sourcecode.c.objc; path = Grocery_DudeTests.m; sourceTree = "<group>"; };
		422C35D117A9C8C100531743 /* Dropbox.framework */ = {isa = PBXFileReference; lastKnownFileType = wrapper.framework; path = Dropbox.framework; sourceTree = "<group>"; };
		422C35D317A9C8F600531743 /* libc++.dylib */ = {isa = PBXFileReference; lastKnownFileType = "compiled.mach-o.dylib"; name = "libc++.dylib"; path = "usr/lib/libc++.dylib"; sourceTree = SDKROOT; };
		422C35D517A9C90100531743 /* CFNetwork.framework */ = {isa = PBXFileReference; lastKnownFileType = wrapper.framework; name = CFNetwork.framework; path = System/Library/Frameworks/CFNetwork.framework; sourceTree = SDKROOT; };
		422C35D717A9C90C00531743 /* Security.framework */ = {isa = PBXFileReference; lastKnownFileType = wrapper.framework; name = Security.framework; path = System/Library/Frameworks/Security.framework; sourceTree = SDKROOT; };
		422C35D917A9C91800531743 /* SystemConfiguration.framework */ = {isa = PBXFileReference; lastKnownFileType = wrapper.framework; name = SystemConfiguration.framework; path = System/Library/Frameworks/SystemConfiguration.framework; sourceTree = SDKROOT; };
		422C35DB17A9C92600531743 /* QuartzCore.framework */ = {isa = PBXFileReference; lastKnownFileType = wrapper.framework; name = QuartzCore.framework; path = System/Library/Frameworks/QuartzCore.framework; sourceTree = SDKROOT; };
		422C35DD17A9F41B00531743 /* DropboxHelper.h */ = {isa = PBXFileReference; fileEncoding = 4; lastKnownFileType = sourcecode.c.h; path = DropboxHelper.h; sourceTree = "<group>"; };
		422C35DE17A9F41B00531743 /* DropboxHelper.m */ = {isa = PBXFileReference; fileEncoding = 4; lastKnownFileType = sourcecode.c.objc; path = DropboxHelper.m; sourceTree = "<group>"; };
		422C35E017A9F60A00531743 /* DropboxTVC.h */ = {isa = PBXFileReference; fileEncoding = 4; lastKnownFileType = sourcecode.c.h; path = DropboxTVC.h; sourceTree = "<group>"; };
		422C35E117A9F60A00531743 /* DropboxTVC.m */ = {isa = PBXFileReference; fileEncoding = 4; lastKnownFileType = sourcecode.c.objc; path = DropboxTVC.m; sourceTree = "<group>"; };
		422C35E517A9FDFA00531743 /* ARCHelper.h */ = {isa = PBXFileReference; fileEncoding = 4; lastKnownFileType = sourcecode.c.h; path = ARCHelper.h; sourceTree = "<group>"; };
		422C35E617A9FDFA00531743 /* FileInZipInfo.h */ = {isa = PBXFileReference; fileEncoding = 4; lastKnownFileType = sourcecode.c.h; path = FileInZipInfo.h; sourceTree = "<group>"; };
		422C35E717A9FDFA00531743 /* FileInZipInfo.m */ = {isa = PBXFileReference; fileEncoding = 4; lastKnownFileType = sourcecode.c.objc; path = FileInZipInfo.m; sourceTree = "<group>"; };
		422C35E917A9FDFA00531743 /* crypt.h */ = {isa = PBXFileReference; fileEncoding = 4; lastKnownFileType = sourcecode.c.h; path = crypt.h; sourceTree = "<group>"; };
		422C35EA17A9FDFA00531743 /* ioapi.c */ = {isa = PBXFileReference; fileEncoding = 4; lastKnownFileType = sourcecode.c.c; path = ioapi.c; sourceTree = "<group>"; };
		422C35EB17A9FDFA00531743 /* ioapi.h */ = {isa = PBXFileReference; fileEncoding = 4; lastKnownFileType = sourcecode.c.h; path = ioapi.h; sourceTree = "<group>"; };
		422C35EC17A9FDFA00531743 /* mztools.c */ = {isa = PBXFileReference; fileEncoding = 4; lastKnownFileType = sourcecode.c.c; path = mztools.c; sourceTree = "<group>"; };
		422C35ED17A9FDFA00531743 /* mztools.h */ = {isa = PBXFileReference; fileEncoding = 4; lastKnownFileType = sourcecode.c.h; path = mztools.h; sourceTree = "<group>"; };
		422C35EE17A9FDFA00531743 /* unzip.c */ = {isa = PBXFileReference; fileEncoding = 4; lastKnownFileType = sourcecode.c.c; path = unzip.c; sourceTree = "<group>"; };
		422C35EF17A9FDFA00531743 /* unzip.h */ = {isa = PBXFileReference; fileEncoding = 4; lastKnownFileType = sourcecode.c.h; path = unzip.h; sourceTree = "<group>"; };
		422C35F017A9FDFA00531743 /* zip.c */ = {isa = PBXFileReference; fileEncoding = 4; lastKnownFileType = sourcecode.c.c; path = zip.c; sourceTree = "<group>"; };
		422C35F117A9FDFA00531743 /* zip.h */ = {isa = PBXFileReference; fileEncoding = 4; lastKnownFileType = sourcecode.c.h; path = zip.h; sourceTree = "<group>"; };
		422C35F217A9FDFA00531743 /* Objective-Zip.h */ = {isa = PBXFileReference; fileEncoding = 4; lastKnownFileType = sourcecode.c.h; path = "Objective-Zip.h"; sourceTree = "<group>"; };
		422C35F317A9FDFA00531743 /* ZipException.h */ = {isa = PBXFileReference; fileEncoding = 4; lastKnownFileType = sourcecode.c.h; path = ZipException.h; sourceTree = "<group>"; };
		422C35F417A9FDFA00531743 /* ZipException.m */ = {isa = PBXFileReference; fileEncoding = 4; lastKnownFileType = sourcecode.c.objc; path = ZipException.m; sourceTree = "<group>"; };
		422C35F517A9FDFA00531743 /* ZipFile.h */ = {isa = PBXFileReference; fileEncoding = 4; lastKnownFileType = sourcecode.c.h; path = ZipFile.h; sourceTree = "<group>"; };
		422C35F617A9FDFA00531743 /* ZipFile.m */ = {isa = PBXFileReference; fileEncoding = 4; lastKnownFileType = sourcecode.c.objc; path = ZipFile.m; sourceTree = "<group>"; };
		422C35F717A9FDFA00531743 /* ZipReadStream.h */ = {isa = PBXFileReference; fileEncoding = 4; lastKnownFileType = sourcecode.c.h; path = ZipReadStream.h; sourceTree = "<group>"; };
		422C35F817A9FDFA00531743 /* ZipReadStream.m */ = {isa = PBXFileReference; fileEncoding = 4; lastKnownFileType = sourcecode.c.objc; path = ZipReadStream.m; sourceTree = "<group>"; };
		422C35F917A9FDFA00531743 /* ZipWriteStream.h */ = {isa = PBXFileReference; fileEncoding = 4; lastKnownFileType = sourcecode.c.h; path = ZipWriteStream.h; sourceTree = "<group>"; };
		422C35FA17A9FDFA00531743 /* ZipWriteStream.m */ = {isa = PBXFileReference; fileEncoding = 4; lastKnownFileType = sourcecode.c.objc; path = ZipWriteStream.m; sourceTree = "<group>"; };
		422C35FC17A9FDFA00531743 /* adler32.c */ = {isa = PBXFileReference; fileEncoding = 4; lastKnownFileType = sourcecode.c.c; path = adler32.c; sourceTree = "<group>"; };
		422C35FD17A9FDFA00531743 /* compress.c */ = {isa = PBXFileReference; fileEncoding = 4; lastKnownFileType = sourcecode.c.c; path = compress.c; sourceTree = "<group>"; };
		422C35FE17A9FDFA00531743 /* crc32.c */ = {isa = PBXFileReference; fileEncoding = 4; lastKnownFileType = sourcecode.c.c; path = crc32.c; sourceTree = "<group>"; };
		422C35FF17A9FDFA00531743 /* crc32.h */ = {isa = PBXFileReference; fileEncoding = 4; lastKnownFileType = sourcecode.c.h; path = crc32.h; sourceTree = "<group>"; };
		422C360017A9FDFA00531743 /* deflate.c */ = {isa = PBXFileReference; fileEncoding = 4; lastKnownFileType = sourcecode.c.c; path = deflate.c; sourceTree = "<group>"; };
		422C360117A9FDFA00531743 /* deflate.h */ = {isa = PBXFileReference; fileEncoding = 4; lastKnownFileType = sourcecode.c.h; path = deflate.h; sourceTree = "<group>"; };
		422C360217A9FDFA00531743 /* gzclose.c */ = {isa = PBXFileReference; fileEncoding = 4; lastKnownFileType = sourcecode.c.c; path = gzclose.c; sourceTree = "<group>"; };
		422C360317A9FDFA00531743 /* gzguts.h */ = {isa = PBXFileReference; fileEncoding = 4; lastKnownFileType = sourcecode.c.h; path = gzguts.h; sourceTree = "<group>"; };
		422C360417A9FDFA00531743 /* gzlib.c */ = {isa = PBXFileReference; fileEncoding = 4; lastKnownFileType = sourcecode.c.c; path = gzlib.c; sourceTree = "<group>"; };
		422C360517A9FDFA00531743 /* gzread.c */ = {isa = PBXFileReference; fileEncoding = 4; lastKnownFileType = sourcecode.c.c; path = gzread.c; sourceTree = "<group>"; };
		422C360617A9FDFA00531743 /* gzwrite.c */ = {isa = PBXFileReference; fileEncoding = 4; lastKnownFileType = sourcecode.c.c; path = gzwrite.c; sourceTree = "<group>"; };
		422C360717A9FDFA00531743 /* infback.c */ = {isa = PBXFileReference; fileEncoding = 4; lastKnownFileType = sourcecode.c.c; path = infback.c; sourceTree = "<group>"; };
		422C360817A9FDFA00531743 /* inffast.c */ = {isa = PBXFileReference; fileEncoding = 4; lastKnownFileType = sourcecode.c.c; path = inffast.c; sourceTree = "<group>"; };
		422C360917A9FDFA00531743 /* inffast.h */ = {isa = PBXFileReference; fileEncoding = 4; lastKnownFileType = sourcecode.c.h; path = inffast.h; sourceTree = "<group>"; };
		422C360A17A9FDFA00531743 /* inffixed.h */ = {isa = PBXFileReference; fileEncoding = 4; lastKnownFileType = sourcecode.c.h; path = inffixed.h; sourceTree = "<group>"; };
		422C360B17A9FDFA00531743 /* inflate.c */ = {isa = PBXFileReference; fileEncoding = 4; lastKnownFileType = sourcecode.c.c; path = inflate.c; sourceTree = "<group>"; };
		422C360C17A9FDFA00531743 /* inflate.h */ = {isa = PBXFileReference; fileEncoding = 4; lastKnownFileType = sourcecode.c.h; path = inflate.h; sourceTree = "<group>"; };
		422C360D17A9FDFA00531743 /* inftrees.c */ = {isa = PBXFileReference; fileEncoding = 4; lastKnownFileType = sourcecode.c.c; path = inftrees.c; sourceTree = "<group>"; };
		422C360E17A9FDFA00531743 /* inftrees.h */ = {isa = PBXFileReference; fileEncoding = 4; lastKnownFileType = sourcecode.c.h; path = inftrees.h; sourceTree = "<group>"; };
		422C360F17A9FDFA00531743 /* trees.c */ = {isa = PBXFileReference; fileEncoding = 4; lastKnownFileType = sourcecode.c.c; path = trees.c; sourceTree = "<group>"; };
		422C361017A9FDFA00531743 /* trees.h */ = {isa = PBXFileReference; fileEncoding = 4; lastKnownFileType = sourcecode.c.h; path = trees.h; sourceTree = "<group>"; };
		422C361117A9FDFA00531743 /* uncompr.c */ = {isa = PBXFileReference; fileEncoding = 4; lastKnownFileType = sourcecode.c.c; path = uncompr.c; sourceTree = "<group>"; };
		422C361217A9FDFA00531743 /* zconf.h */ = {isa = PBXFileReference; fileEncoding = 4; lastKnownFileType = sourcecode.c.h; path = zconf.h; sourceTree = "<group>"; };
		422C361317A9FDFA00531743 /* zlib.h */ = {isa = PBXFileReference; fileEncoding = 4; lastKnownFileType = sourcecode.c.h; path = zlib.h; sourceTree = "<group>"; };
		422C361417A9FDFA00531743 /* zutil.c */ = {isa = PBXFileReference; fileEncoding = 4; lastKnownFileType = sourcecode.c.c; path = zutil.c; sourceTree = "<group>"; };
		422C361517A9FDFA00531743 /* zutil.h */ = {isa = PBXFileReference; fileEncoding = 4; lastKnownFileType = sourcecode.c.h; path = zutil.h; sourceTree = "<group>"; };
		424C6187178FE910005402F1 /* UnitsTVC.h */ = {isa = PBXFileReference; fileEncoding = 4; lastKnownFileType = sourcecode.c.h; path = UnitsTVC.h; sourceTree = "<group>"; };
		424C6188178FE910005402F1 /* UnitsTVC.m */ = {isa = PBXFileReference; fileEncoding = 4; lastKnownFileType = sourcecode.c.objc; path = UnitsTVC.m; sourceTree = "<group>"; };
		424C618A178FE9F0005402F1 /* UnitVC.h */ = {isa = PBXFileReference; fileEncoding = 4; lastKnownFileType = sourcecode.c.h; path = UnitVC.h; sourceTree = "<group>"; };
		424C618B178FE9F0005402F1 /* UnitVC.m */ = {isa = PBXFileReference; fileEncoding = 4; lastKnownFileType = sourcecode.c.objc; path = UnitVC.m; sourceTree = "<group>"; };
		424C618D178FECF2005402F1 /* LocationsAtHomeTVC.h */ = {isa = PBXFileReference; fileEncoding = 4; lastKnownFileType = sourcecode.c.h; path = LocationsAtHomeTVC.h; sourceTree = "<group>"; };
		424C618E178FECF2005402F1 /* LocationsAtHomeTVC.m */ = {isa = PBXFileReference; fileEncoding = 4; lastKnownFileType = sourcecode.c.objc; path = LocationsAtHomeTVC.m; sourceTree = "<group>"; };
		424C618F178FECF2005402F1 /* LocationsAtShopTVC.h */ = {isa = PBXFileReference; fileEncoding = 4; lastKnownFileType = sourcecode.c.h; path = LocationsAtShopTVC.h; sourceTree = "<group>"; };
		424C6190178FECF2005402F1 /* LocationsAtShopTVC.m */ = {isa = PBXFileReference; fileEncoding = 4; lastKnownFileType = sourcecode.c.objc; path = LocationsAtShopTVC.m; sourceTree = "<group>"; };
		424C6193178FED01005402F1 /* LocationAtHomeVC.h */ = {isa = PBXFileReference; fileEncoding = 4; lastKnownFileType = sourcecode.c.h; path = LocationAtHomeVC.h; sourceTree = "<group>"; };
		424C6194178FED01005402F1 /* LocationAtHomeVC.m */ = {isa = PBXFileReference; fileEncoding = 4; lastKnownFileType = sourcecode.c.objc; path = LocationAtHomeVC.m; sourceTree = "<group>"; };
		424C6195178FED01005402F1 /* LocationAtShopVC.h */ = {isa = PBXFileReference; fileEncoding = 4; lastKnownFileType = sourcecode.c.h; path = LocationAtShopVC.h; sourceTree = "<group>"; };
		424C6196178FED01005402F1 /* LocationAtShopVC.m */ = {isa = PBXFileReference; fileEncoding = 4; lastKnownFileType = sourcecode.c.objc; path = LocationAtShopVC.m; sourceTree = "<group>"; };
		425E569B17A6338800BC94CF /* Faulter.h */ = {isa = PBXFileReference; fileEncoding = 4; lastKnownFileType = sourcecode.c.h; path = Faulter.h; sourceTree = "<group>"; };
		425E569C17A6338800BC94CF /* Faulter.m */ = {isa = PBXFileReference; fileEncoding = 4; lastKnownFileType = sourcecode.c.objc; path = Faulter.m; sourceTree = "<group>"; };
		425E569E17A6369E00BC94CF /* Thumbnailer.h */ = {isa = PBXFileReference; fileEncoding = 4; lastKnownFileType = sourcecode.c.h; path = Thumbnailer.h; sourceTree = "<group>"; };
		425E569F17A6369E00BC94CF /* Thumbnailer.m */ = {isa = PBXFileReference; fileEncoding = 4; lastKnownFileType = sourcecode.c.objc; path = Thumbnailer.m; sourceTree = "<group>"; };
		4279C2FA17843B0600C83C0F /* Model 2.xcdatamodel */ = {isa = PBXFileReference; lastKnownFileType = wrapper.xcdatamodel; path = "Model 2.xcdatamodel"; sourceTree = "<group>"; };
		427ACA32178122CD002E5F24 /* Model.xcdatamodel */ = {isa = PBXFileReference; lastKnownFileType = wrapper.xcdatamodel; path = Model.xcdatamodel; sourceTree = "<group>"; };
		428FD0031796B12C002E0D33 /* CoreDataPickerTF.h */ = {isa = PBXFileReference; fileEncoding = 4; lastKnownFileType = sourcecode.c.h; path = CoreDataPickerTF.h; sourceTree = "<group>"; };
		428FD0041796B12C002E0D33 /* CoreDataPickerTF.m */ = {isa = PBXFileReference; fileEncoding = 4; lastKnownFileType = sourcecode.c.objc; path = CoreDataPickerTF.m; sourceTree = "<group>"; };
		428FD0071796B223002E0D33 /* UnitPickerTF.h */ = {isa = PBXFileReference; fileEncoding = 4; lastKnownFileType = sourcecode.c.h; path = UnitPickerTF.h; sourceTree = "<group>"; };
		428FD0081796B223002E0D33 /* UnitPickerTF.m */ = {isa = PBXFileReference; fileEncoding = 4; lastKnownFileType = sourcecode.c.objc; path = UnitPickerTF.m; sourceTree = "<group>"; };
		428FD00A1796B532002E0D33 /* LocationAtHomePickerTF.h */ = {isa = PBXFileReference; fileEncoding = 4; lastKnownFileType = sourcecode.c.h; path = LocationAtHomePickerTF.h; sourceTree = "<group>"; };
		428FD00B1796B532002E0D33 /* LocationAtHomePickerTF.m */ = {isa = PBXFileReference; fileEncoding = 4; lastKnownFileType = sourcecode.c.objc; path = LocationAtHomePickerTF.m; sourceTree = "<group>"; };
		428FD00D1796B578002E0D33 /* LocationAtShopPickerTF.h */ = {isa = PBXFileReference; fileEncoding = 4; lastKnownFileType = sourcecode.c.h; path = LocationAtShopPickerTF.h; sourceTree = "<group>"; };
		428FD00E1796B578002E0D33 /* LocationAtShopPickerTF.m */ = {isa = PBXFileReference; fileEncoding = 4; lastKnownFileType = sourcecode.c.objc; path = LocationAtShopPickerTF.m; sourceTree = "<group>"; };
		42CB352C17843E040014CF8D /* Measurement.h */ = {isa = PBXFileReference; fileEncoding = 4; lastKnownFileType = sourcecode.c.h; path = Measurement.h; sourceTree = "<group>"; };
		42CB352D17843E040014CF8D /* Measurement.m */ = {isa = PBXFileReference; fileEncoding = 4; lastKnownFileType = sourcecode.c.objc; path = Measurement.m; sourceTree = "<group>"; };
		42CB352F17843FD10014CF8D /* Model 3.xcdatamodel */ = {isa = PBXFileReference; lastKnownFileType = wrapper.xcdatamodel; path = "Model 3.xcdatamodel"; sourceTree = "<group>"; };
		42CB3530178440190014CF8D /* Amount.h */ = {isa = PBXFileReference; fileEncoding = 4; lastKnownFileType = sourcecode.c.h; path = Amount.h; sourceTree = "<group>"; };
		42CB3531178440190014CF8D /* Amount.m */ = {isa = PBXFileReference; fileEncoding = 4; lastKnownFileType = sourcecode.c.objc; path = Amount.m; sourceTree = "<group>"; };
		42CC8BBE178440C000BC85C2 /* Model2toModel3.xcmappingmodel */ = {isa = PBXFileReference; lastKnownFileType = wrapper.xcmappingmodel; path = Model2toModel3.xcmappingmodel; sourceTree = "<group>"; };
		42CC8BC11784475000BC85C2 /* MigrationVC.h */ = {isa = PBXFileReference; fileEncoding = 4; lastKnownFileType = sourcecode.c.h; path = MigrationVC.h; sourceTree = "<group>"; };
		42CC8BC21784475000BC85C2 /* MigrationVC.m */ = {isa = PBXFileReference; fileEncoding = 4; lastKnownFileType = sourcecode.c.objc; path = MigrationVC.m; sourceTree = "<group>"; };
		42CC8BC417844B1900BC85C2 /* Model 4.xcdatamodel */ = {isa = PBXFileReference; lastKnownFileType = wrapper.xcdatamodel; path = "Model 4.xcdatamodel"; sourceTree = "<group>"; };
		42D00205178B674200DBE6FB /* PrepareTVC.h */ = {isa = PBXFileReference; fileEncoding = 4; lastKnownFileType = sourcecode.c.h; path = PrepareTVC.h; sourceTree = "<group>"; };
		42D00206178B674200DBE6FB /* PrepareTVC.m */ = {isa = PBXFileReference; fileEncoding = 4; lastKnownFileType = sourcecode.c.objc; path = PrepareTVC.m; sourceTree = "<group>"; };
		42D00208178B74C700DBE6FB /* ShopTVC.h */ = {isa = PBXFileReference; fileEncoding = 4; lastKnownFileType = sourcecode.c.h; path = ShopTVC.h; sourceTree = "<group>"; };
		42D00209178B74C700DBE6FB /* ShopTVC.m */ = {isa = PBXFileReference; fileEncoding = 4; lastKnownFileType = sourcecode.c.objc; path = ShopTVC.m; sourceTree = "<group>"; };
		42D8481617A54F7E005BF2F6 /* Model 7.xcdatamodel */ = {isa = PBXFileReference; lastKnownFileType = wrapper.xcdatamodel; path = "Model 7.xcdatamodel"; sourceTree = "<group>"; };
		42D8481A17A550FE005BF2F6 /* Model 8.xcdatamodel */ = {isa = PBXFileReference; lastKnownFileType = wrapper.xcdatamodel; path = "Model 8.xcdatamodel"; sourceTree = "<group>"; };
		42D8481B17A55310005BF2F6 /* Model7toModel8.xcmappingmodel */ = {isa = PBXFileReference; lastKnownFileType = wrapper.xcmappingmodel; path = Model7toModel8.xcmappingmodel; sourceTree = "<group>"; };
		42D8485317A55489005BF2F6 /* DefaultData.sqlite */ = {isa = PBXFileReference; lastKnownFileType = file; path = DefaultData.sqlite; sourceTree = "<group>"; };
		42D8A17E179BFF7500273DAD /* DefaultData.xml */ = {isa = PBXFileReference; fileEncoding = 4; lastKnownFileType = text.xml; path = DefaultData.xml; sourceTree = "<group>"; };
		42D8A180179C835200273DAD /* CoreDataImporter.h */ = {isa = PBXFileReference; fileEncoding = 4; lastKnownFileType = sourcecode.c.h; path = CoreDataImporter.h; sourceTree = "<group>"; };
		42D8A181179C835200273DAD /* CoreDataImporter.m */ = {isa = PBXFileReference; fileEncoding = 4; lastKnownFileType = sourcecode.c.objc; path = CoreDataImporter.m; sourceTree = "<group>"; };
		42F12F27178003C0001E0D8F /* CoreData.framework */ = {isa = PBXFileReference; lastKnownFileType = wrapper.framework; name = CoreData.framework; path = System/Library/Frameworks/CoreData.framework; sourceTree = SDKROOT; };
		42F12F2A1780078D001E0D8F /* CoreDataHelper.h */ = {isa = PBXFileReference; fileEncoding = 4; lastKnownFileType = sourcecode.c.h; path = CoreDataHelper.h; sourceTree = "<group>"; };
		42F12F2B1780078D001E0D8F /* CoreDataHelper.m */ = {isa = PBXFileReference; fileEncoding = 4; lastKnownFileType = sourcecode.c.objc; path = CoreDataHelper.m; sourceTree = "<group>"; };
		42F4F986178F5E5000081A52 /* ItemVC.h */ = {isa = PBXFileReference; fileEncoding = 4; lastKnownFileType = sourcecode.c.h; path = ItemVC.h; sourceTree = "<group>"; };
		42F4F987178F5E5000081A52 /* ItemVC.m */ = {isa = PBXFileReference; fileEncoding = 4; lastKnownFileType = sourcecode.c.objc; path = ItemVC.m; sourceTree = "<group>"; };
		42F80B7C17844C0000B9E2B0 /* Model3toModel4.xcmappingmodel */ = {isa = PBXFileReference; lastKnownFileType = wrapper.xcmappingmodel; path = Model3toModel4.xcmappingmodel; sourceTree = "<group>"; };
/* End PBXFileReference section */

/* Begin PBXFrameworksBuildPhase section */
		4227D4EE177DB1E10017DF21 /* Frameworks */ = {
			isa = PBXFrameworksBuildPhase;
			buildActionMask = 2147483647;
			files = (
				422C35DC17A9C92600531743 /* QuartzCore.framework in Frameworks */,
				422C35DA17A9C91800531743 /* SystemConfiguration.framework in Frameworks */,
				422C35D817A9C90C00531743 /* Security.framework in Frameworks */,
				422C35D617A9C90100531743 /* CFNetwork.framework in Frameworks */,
				422C35D417A9C8F600531743 /* libc++.dylib in Frameworks */,
				42F12F28178003C0001E0D8F /* CoreData.framework in Frameworks */,
				4227D4F7177DB1E10017DF21 /* CoreGraphics.framework in Frameworks */,
				422C35D217A9C8C100531743 /* Dropbox.framework in Frameworks */,
				4227D4F9177DB1E10017DF21 /* UIKit.framework in Frameworks */,
				4227D4F5177DB1E10017DF21 /* Foundation.framework in Frameworks */,
			);
			runOnlyForDeploymentPostprocessing = 0;
		};
		4227D50F177DB1E10017DF21 /* Frameworks */ = {
			isa = PBXFrameworksBuildPhase;
			buildActionMask = 2147483647;
			files = (
				4227D514177DB1E10017DF21 /* XCTest.framework in Frameworks */,
				4227D516177DB1E10017DF21 /* UIKit.framework in Frameworks */,
				4227D515177DB1E10017DF21 /* Foundation.framework in Frameworks */,
			);
			runOnlyForDeploymentPostprocessing = 0;
		};
/* End PBXFrameworksBuildPhase section */

/* Begin PBXGroup section */
		4227D4E8177DB1E10017DF21 = {
			isa = PBXGroup;
			children = (
				4227D4FA177DB1E10017DF21 /* Grocery Dude */,
				4227D519177DB1E10017DF21 /* Grocery DudeTests */,
				4227D4F3177DB1E10017DF21 /* Frameworks */,
				4227D4F2177DB1E10017DF21 /* Products */,
			);
			sourceTree = "<group>";
		};
		4227D4F2177DB1E10017DF21 /* Products */ = {
			isa = PBXGroup;
			children = (
				4227D4F1177DB1E10017DF21 /* Grocery Dude.app */,
				4227D512177DB1E10017DF21 /* Grocery DudeTests.xctest */,
			);
			name = Products;
			sourceTree = "<group>";
		};
		4227D4F3177DB1E10017DF21 /* Frameworks */ = {
			isa = PBXGroup;
			children = (
				422C35DB17A9C92600531743 /* QuartzCore.framework */,
				422C35D917A9C91800531743 /* SystemConfiguration.framework */,
				422C35D717A9C90C00531743 /* Security.framework */,
				422C35D517A9C90100531743 /* CFNetwork.framework */,
				422C35D317A9C8F600531743 /* libc++.dylib */,
				422C35D117A9C8C100531743 /* Dropbox.framework */,
				42F12F27178003C0001E0D8F /* CoreData.framework */,
				4227D4F4177DB1E10017DF21 /* Foundation.framework */,
				4227D4F6177DB1E10017DF21 /* CoreGraphics.framework */,
				4227D4F8177DB1E10017DF21 /* UIKit.framework */,
				4227D513177DB1E10017DF21 /* XCTest.framework */,
			);
			name = Frameworks;
			sourceTree = "<group>";
		};
		4227D4FA177DB1E10017DF21 /* Grocery Dude */ = {
			isa = PBXGroup;
			children = (
				421EBC1617C498B600F5DA32 /* Grocery Dude.entitlements */,
				422C35E317A9FDFA00531743 /* Objective-Zip */,
				428FD0061796B1E9002E0D33 /* Grocery Dude Picker Text Fields */,
				42D00204178B66ED00DBE6FB /* Grocery Dude Table View Controllers */,
				42CC8BC01784471700BC85C2 /* Grocery Dude View Controllers */,
				427ACA30178121DF002E5F24 /* Data Model */,
				42F12F291780051A001E0D8F /* Generic Core Data Classes */,
				4227D503177DB1E10017DF21 /* AppDelegate.h */,
				4227D504177DB1E10017DF21 /* AppDelegate.m */,
				4227D506177DB1E10017DF21 /* Main.storyboard */,
				4227D509177DB1E10017DF21 /* ViewController.h */,
				4227D50A177DB1E10017DF21 /* ViewController.m */,
				4227D50C177DB1E10017DF21 /* Images.xcassets */,
				4227D4FB177DB1E10017DF21 /* Supporting Files */,
				422C35DD17A9F41B00531743 /* DropboxHelper.h */,
				422C35DE17A9F41B00531743 /* DropboxHelper.m */,
				421EBC1717C4A25500F5DA32 /* Settings.bundle */,
			);
			path = "Grocery Dude";
			sourceTree = "<group>";
		};
		4227D4FB177DB1E10017DF21 /* Supporting Files */ = {
			isa = PBXGroup;
			children = (
				4227D4FC177DB1E10017DF21 /* Grocery Dude-Info.plist */,
				4227D4FD177DB1E10017DF21 /* InfoPlist.strings */,
				4227D500177DB1E10017DF21 /* main.m */,
				4227D502177DB1E10017DF21 /* Grocery Dude-Prefix.pch */,
			);
			name = "Supporting Files";
			sourceTree = "<group>";
		};
		4227D519177DB1E10017DF21 /* Grocery DudeTests */ = {
			isa = PBXGroup;
			children = (
				4227D51F177DB1E10017DF21 /* Grocery_DudeTests.m */,
				4227D51A177DB1E10017DF21 /* Supporting Files */,
			);
			path = "Grocery DudeTests";
			sourceTree = "<group>";
		};
		4227D51A177DB1E10017DF21 /* Supporting Files */ = {
			isa = PBXGroup;
			children = (
				4227D51B177DB1E10017DF21 /* Grocery DudeTests-Info.plist */,
				4227D51C177DB1E10017DF21 /* InfoPlist.strings */,
			);
			name = "Supporting Files";
			sourceTree = "<group>";
		};
		422C35E317A9FDFA00531743 /* Objective-Zip */ = {
			isa = PBXGroup;
			children = (
				422C35E417A9FDFA00531743 /* ARCHelper */,
				422C35E617A9FDFA00531743 /* FileInZipInfo.h */,
				422C35E717A9FDFA00531743 /* FileInZipInfo.m */,
				422C35E817A9FDFA00531743 /* MiniZip */,
				422C35F217A9FDFA00531743 /* Objective-Zip.h */,
				422C35F317A9FDFA00531743 /* ZipException.h */,
				422C35F417A9FDFA00531743 /* ZipException.m */,
				422C35F517A9FDFA00531743 /* ZipFile.h */,
				422C35F617A9FDFA00531743 /* ZipFile.m */,
				422C35F717A9FDFA00531743 /* ZipReadStream.h */,
				422C35F817A9FDFA00531743 /* ZipReadStream.m */,
				422C35F917A9FDFA00531743 /* ZipWriteStream.h */,
				422C35FA17A9FDFA00531743 /* ZipWriteStream.m */,
				422C35FB17A9FDFA00531743 /* ZLib */,
			);
			path = "Objective-Zip";
			sourceTree = "<group>";
		};
		422C35E417A9FDFA00531743 /* ARCHelper */ = {
			isa = PBXGroup;
			children = (
				422C35E517A9FDFA00531743 /* ARCHelper.h */,
			);
			path = ARCHelper;
			sourceTree = "<group>";
		};
		422C35E817A9FDFA00531743 /* MiniZip */ = {
			isa = PBXGroup;
			children = (
				422C35E917A9FDFA00531743 /* crypt.h */,
				422C35EA17A9FDFA00531743 /* ioapi.c */,
				422C35EB17A9FDFA00531743 /* ioapi.h */,
				422C35EC17A9FDFA00531743 /* mztools.c */,
				422C35ED17A9FDFA00531743 /* mztools.h */,
				422C35EE17A9FDFA00531743 /* unzip.c */,
				422C35EF17A9FDFA00531743 /* unzip.h */,
				422C35F017A9FDFA00531743 /* zip.c */,
				422C35F117A9FDFA00531743 /* zip.h */,
			);
			path = MiniZip;
			sourceTree = "<group>";
		};
		422C35FB17A9FDFA00531743 /* ZLib */ = {
			isa = PBXGroup;
			children = (
				422C35FC17A9FDFA00531743 /* adler32.c */,
				422C35FD17A9FDFA00531743 /* compress.c */,
				422C35FE17A9FDFA00531743 /* crc32.c */,
				422C35FF17A9FDFA00531743 /* crc32.h */,
				422C360017A9FDFA00531743 /* deflate.c */,
				422C360117A9FDFA00531743 /* deflate.h */,
				422C360217A9FDFA00531743 /* gzclose.c */,
				422C360317A9FDFA00531743 /* gzguts.h */,
				422C360417A9FDFA00531743 /* gzlib.c */,
				422C360517A9FDFA00531743 /* gzread.c */,
				422C360617A9FDFA00531743 /* gzwrite.c */,
				422C360717A9FDFA00531743 /* infback.c */,
				422C360817A9FDFA00531743 /* inffast.c */,
				422C360917A9FDFA00531743 /* inffast.h */,
				422C360A17A9FDFA00531743 /* inffixed.h */,
				422C360B17A9FDFA00531743 /* inflate.c */,
				422C360C17A9FDFA00531743 /* inflate.h */,
				422C360D17A9FDFA00531743 /* inftrees.c */,
				422C360E17A9FDFA00531743 /* inftrees.h */,
				422C360F17A9FDFA00531743 /* trees.c */,
				422C361017A9FDFA00531743 /* trees.h */,
				422C361117A9FDFA00531743 /* uncompr.c */,
				422C361217A9FDFA00531743 /* zconf.h */,
				422C361317A9FDFA00531743 /* zlib.h */,
				422C361417A9FDFA00531743 /* zutil.c */,
				422C361517A9FDFA00531743 /* zutil.h */,
			);
			path = ZLib;
			sourceTree = "<group>";
		};
		427ACA30178121DF002E5F24 /* Data Model */ = {
			isa = PBXGroup;
			children = (
				42D8485317A55489005BF2F6 /* DefaultData.sqlite */,
				42D8A17E179BFF7500273DAD /* DefaultData.xml */,
				427ACA31178122CD002E5F24 /* Model.xcdatamodeld */,
				4203048617C7012D000C7FE7 /* Unit.h */,
				4203048717C7012D000C7FE7 /* Unit.m */,
				4203048317C7012D000C7FE7 /* Item_Photo.h */,
				4203048417C7012D000C7FE7 /* Item_Photo.m */,
				4203048017C7012D000C7FE7 /* Item.h */,
				4203048117C7012D000C7FE7 /* Item.m */,
				4203047D17C7012C000C7FE7 /* LocationAtHome.h */,
				4203047E17C7012C000C7FE7 /* LocationAtHome.m */,
				4203047A17C7012C000C7FE7 /* LocationAtShop.h */,
				4203047B17C7012C000C7FE7 /* LocationAtShop.m */,
				4203047717C7012C000C7FE7 /* Location.h */,
				4203047817C7012C000C7FE7 /* Location.m */,
				42F80B7C17844C0000B9E2B0 /* Model3toModel4.xcmappingmodel */,
				42CB3530178440190014CF8D /* Amount.h */,
				42CB3531178440190014CF8D /* Amount.m */,
				42CB352C17843E040014CF8D /* Measurement.h */,
				42CB352D17843E040014CF8D /* Measurement.m */,
				42CC8BBE178440C000BC85C2 /* Model2toModel3.xcmappingmodel */,
				42D8481B17A55310005BF2F6 /* Model7toModel8.xcmappingmodel */,
			);
			name = "Data Model";
			sourceTree = "<group>";
		};
		428FD0061796B1E9002E0D33 /* Grocery Dude Picker Text Fields */ = {
			isa = PBXGroup;
			children = (
				428FD0071796B223002E0D33 /* UnitPickerTF.h */,
				428FD0081796B223002E0D33 /* UnitPickerTF.m */,
				428FD00A1796B532002E0D33 /* LocationAtHomePickerTF.h */,
				428FD00B1796B532002E0D33 /* LocationAtHomePickerTF.m */,
				428FD00D1796B578002E0D33 /* LocationAtShopPickerTF.h */,
				428FD00E1796B578002E0D33 /* LocationAtShopPickerTF.m */,
			);
			name = "Grocery Dude Picker Text Fields";
			sourceTree = "<group>";
		};
		42CC8BC01784471700BC85C2 /* Grocery Dude View Controllers */ = {
			isa = PBXGroup;
			children = (
				424C6193178FED01005402F1 /* LocationAtHomeVC.h */,
				424C6194178FED01005402F1 /* LocationAtHomeVC.m */,
				424C6195178FED01005402F1 /* LocationAtShopVC.h */,
				424C6196178FED01005402F1 /* LocationAtShopVC.m */,
				42CC8BC11784475000BC85C2 /* MigrationVC.h */,
				42CC8BC21784475000BC85C2 /* MigrationVC.m */,
				42F4F986178F5E5000081A52 /* ItemVC.h */,
				42F4F987178F5E5000081A52 /* ItemVC.m */,
				424C618A178FE9F0005402F1 /* UnitVC.h */,
				424C618B178FE9F0005402F1 /* UnitVC.m */,
			);
			name = "Grocery Dude View Controllers";
			sourceTree = "<group>";
		};
		42D00204178B66ED00DBE6FB /* Grocery Dude Table View Controllers */ = {
			isa = PBXGroup;
			children = (
				424C618D178FECF2005402F1 /* LocationsAtHomeTVC.h */,
				424C618E178FECF2005402F1 /* LocationsAtHomeTVC.m */,
				424C618F178FECF2005402F1 /* LocationsAtShopTVC.h */,
				424C6190178FECF2005402F1 /* LocationsAtShopTVC.m */,
				42D00205178B674200DBE6FB /* PrepareTVC.h */,
				42D00206178B674200DBE6FB /* PrepareTVC.m */,
				42D00208178B74C700DBE6FB /* ShopTVC.h */,
				42D00209178B74C700DBE6FB /* ShopTVC.m */,
				424C6187178FE910005402F1 /* UnitsTVC.h */,
				424C6188178FE910005402F1 /* UnitsTVC.m */,
				422C35E017A9F60A00531743 /* DropboxTVC.h */,
				422C35E117A9F60A00531743 /* DropboxTVC.m */,
			);
			name = "Grocery Dude Table View Controllers";
			sourceTree = "<group>";
		};
		42F12F291780051A001E0D8F /* Generic Core Data Classes */ = {
			isa = PBXGroup;
			children = (
				42F12F2A1780078D001E0D8F /* CoreDataHelper.h */,
				42F12F2B1780078D001E0D8F /* CoreDataHelper.m */,
				42002627178ADE550000AA09 /* CoreDataTVC.h */,
				42002628178ADE550000AA09 /* CoreDataTVC.m */,
				428FD0031796B12C002E0D33 /* CoreDataPickerTF.h */,
				428FD0041796B12C002E0D33 /* CoreDataPickerTF.m */,
				42D8A180179C835200273DAD /* CoreDataImporter.h */,
				42D8A181179C835200273DAD /* CoreDataImporter.m */,
				425E569B17A6338800BC94CF /* Faulter.h */,
				425E569C17A6338800BC94CF /* Faulter.m */,
				425E569E17A6369E00BC94CF /* Thumbnailer.h */,
				425E569F17A6369E00BC94CF /* Thumbnailer.m */,
				4203047317C6FE8D000C7FE7 /* Deduplicator.h */,
				4203047417C6FE8D000C7FE7 /* Deduplicator.m */,
			);
			name = "Generic Core Data Classes";
			sourceTree = "<group>";
		};
/* End PBXGroup section */

/* Begin PBXNativeTarget section */
		4227D4F0177DB1E10017DF21 /* Grocery Dude */ = {
			isa = PBXNativeTarget;
			buildConfigurationList = 4227D523177DB1E10017DF21 /* Build configuration list for PBXNativeTarget "Grocery Dude" */;
			buildPhases = (
				4227D4ED177DB1E10017DF21 /* Sources */,
				4227D4EE177DB1E10017DF21 /* Frameworks */,
				4227D4EF177DB1E10017DF21 /* Resources */,
			);
			buildRules = (
			);
			dependencies = (
			);
			name = "Grocery Dude";
			productName = "Grocery Dude";
			productReference = 4227D4F1177DB1E10017DF21 /* Grocery Dude.app */;
			productType = "com.apple.product-type.application";
		};
		4227D511177DB1E10017DF21 /* Grocery DudeTests */ = {
			isa = PBXNativeTarget;
			buildConfigurationList = 4227D526177DB1E10017DF21 /* Build configuration list for PBXNativeTarget "Grocery DudeTests" */;
			buildPhases = (
				4227D50E177DB1E10017DF21 /* Sources */,
				4227D50F177DB1E10017DF21 /* Frameworks */,
				4227D510177DB1E10017DF21 /* Resources */,
			);
			buildRules = (
			);
			dependencies = (
				4227D518177DB1E10017DF21 /* PBXTargetDependency */,
			);
			name = "Grocery DudeTests";
			productName = "Grocery DudeTests";
			productReference = 4227D512177DB1E10017DF21 /* Grocery DudeTests.xctest */;
			productType = "com.apple.product-type.bundle.unit-test";
		};
/* End PBXNativeTarget section */

/* Begin PBXProject section */
		4227D4E9177DB1E10017DF21 /* Project object */ = {
			isa = PBXProject;
			attributes = {
				LastUpgradeCheck = 0500;
				ORGANIZATIONNAME = "Tim Roadley";
				TargetAttributes = {
					4227D4F0177DB1E10017DF21 = {
						DevelopmentTeam = 5KFJ75859U;
						SystemCapabilities = {
							com.apple.iCloud = {
								enabled = 1;
							};
						};
					};
					4227D511177DB1E10017DF21 = {
						TestTargetID = 4227D4F0177DB1E10017DF21;
					};
				};
			};
			buildConfigurationList = 4227D4EC177DB1E10017DF21 /* Build configuration list for PBXProject "Grocery Dude" */;
			compatibilityVersion = "Xcode 3.2";
			developmentRegion = English;
			hasScannedForEncodings = 0;
			knownRegions = (
				en,
				Base,
			);
			mainGroup = 4227D4E8177DB1E10017DF21;
			productRefGroup = 4227D4F2177DB1E10017DF21 /* Products */;
			projectDirPath = "";
			projectRoot = "";
			targets = (
				4227D4F0177DB1E10017DF21 /* Grocery Dude */,
				4227D511177DB1E10017DF21 /* Grocery DudeTests */,
			);
		};
/* End PBXProject section */

/* Begin PBXResourcesBuildPhase section */
		4227D4EF177DB1E10017DF21 /* Resources */ = {
			isa = PBXResourcesBuildPhase;
			buildActionMask = 2147483647;
			files = (
				42D8485417A55489005BF2F6 /* DefaultData.sqlite in Resources */,
				4227D50D177DB1E10017DF21 /* Images.xcassets in Resources */,
				42D8A17F179BFF7500273DAD /* DefaultData.xml in Resources */,
				4227D4FF177DB1E10017DF21 /* InfoPlist.strings in Resources */,
				421EBC1817C4A25500F5DA32 /* Settings.bundle in Resources */,
				4227D508177DB1E10017DF21 /* Main.storyboard in Resources */,
			);
			runOnlyForDeploymentPostprocessing = 0;
		};
		4227D510177DB1E10017DF21 /* Resources */ = {
			isa = PBXResourcesBuildPhase;
			buildActionMask = 2147483647;
			files = (
				4227D51E177DB1E10017DF21 /* InfoPlist.strings in Resources */,
			);
			runOnlyForDeploymentPostprocessing = 0;
		};
/* End PBXResourcesBuildPhase section */

/* Begin PBXSourcesBuildPhase section */
		4227D4ED177DB1E10017DF21 /* Sources */ = {
			isa = PBXSourcesBuildPhase;
			buildActionMask = 2147483647;
			files = (
				42F4F988178F5E5000081A52 /* ItemVC.m in Sources */,
				428FD00C1796B532002E0D33 /* LocationAtHomePickerTF.m in Sources */,
				422C35DF17A9F41B00531743 /* DropboxHelper.m in Sources */,
				428FD0051796B12C002E0D33 /* CoreDataPickerTF.m in Sources */,
				422C361E17A9FDFA00531743 /* ZipWriteStream.m in Sources */,
				422C361917A9FDFA00531743 /* unzip.c in Sources */,
				4227D50B177DB1E10017DF21 /* ViewController.m in Sources */,
				424C6189178FE910005402F1 /* UnitsTVC.m in Sources */,
				422C362517A9FDFA00531743 /* gzread.c in Sources */,
				4203048217C7012D000C7FE7 /* Item.m in Sources */,
				425E569D17A6338800BC94CF /* Faulter.m in Sources */,
				424C618C178FE9F0005402F1 /* UnitVC.m in Sources */,
				422C361B17A9FDFA00531743 /* ZipException.m in Sources */,
				422C362317A9FDFA00531743 /* gzclose.c in Sources */,
				4227D505177DB1E10017DF21 /* AppDelegate.m in Sources */,
				424C6192178FECF2005402F1 /* LocationsAtShopTVC.m in Sources */,
				422C361A17A9FDFA00531743 /* zip.c in Sources */,
				422C362C17A9FDFA00531743 /* uncompr.c in Sources */,
				422C361C17A9FDFA00531743 /* ZipFile.m in Sources */,
				425E56A017A6369E00BC94CF /* Thumbnailer.m in Sources */,
				422C362817A9FDFA00531743 /* inffast.c in Sources */,
				422C362917A9FDFA00531743 /* inflate.c in Sources */,
				422C362D17A9FDFA00531743 /* zutil.c in Sources */,
				428FD00F1796B578002E0D33 /* LocationAtShopPickerTF.m in Sources */,
				4203047C17C7012C000C7FE7 /* LocationAtShop.m in Sources */,
				422C362A17A9FDFA00531743 /* inftrees.c in Sources */,
				422C362017A9FDFA00531743 /* compress.c in Sources */,
				422C362117A9FDFA00531743 /* crc32.c in Sources */,
				42D00207178B674200DBE6FB /* PrepareTVC.m in Sources */,
				422C362217A9FDFA00531743 /* deflate.c in Sources */,
				42CC8BC31784475000BC85C2 /* MigrationVC.m in Sources */,
				424C6197178FED01005402F1 /* LocationAtHomeVC.m in Sources */,
				42002629178ADE550000AA09 /* CoreDataTVC.m in Sources */,
				42D8481C17A55310005BF2F6 /* Model7toModel8.xcmappingmodel in Sources */,
				422C362B17A9FDFA00531743 /* trees.c in Sources */,
				422C361717A9FDFA00531743 /* ioapi.c in Sources */,
				422C362417A9FDFA00531743 /* gzlib.c in Sources */,
				427ACA33178122CD002E5F24 /* Model.xcdatamodeld in Sources */,
				4203048517C7012D000C7FE7 /* Item_Photo.m in Sources */,
				422C361617A9FDFA00531743 /* FileInZipInfo.m in Sources */,
				422C35E217A9F60A00531743 /* DropboxTVC.m in Sources */,
				4203047517C6FE8D000C7FE7 /* Deduplicator.m in Sources */,
				42F12F2C1780078D001E0D8F /* CoreDataHelper.m in Sources */,
				42CC8BBF178440C000BC85C2 /* Model2toModel3.xcmappingmodel in Sources */,
				4203047917C7012C000C7FE7 /* Location.m in Sources */,
				42CB352E17843E040014CF8D /* Measurement.m in Sources */,
				424C6198178FED01005402F1 /* LocationAtShopVC.m in Sources */,
				422C362617A9FDFA00531743 /* gzwrite.c in Sources */,
				4227D501177DB1E10017DF21 /* main.m in Sources */,
				424C6191178FECF2005402F1 /* LocationsAtHomeTVC.m in Sources */,
				422C362717A9FDFA00531743 /* infback.c in Sources */,
				42CB3532178440190014CF8D /* Amount.m in Sources */,
				4203048817C7012D000C7FE7 /* Unit.m in Sources */,
				422C361D17A9FDFA00531743 /* ZipReadStream.m in Sources */,
				42D8A182179C835200273DAD /* CoreDataImporter.m in Sources */,
				42F80B7D17844C0000B9E2B0 /* Model3toModel4.xcmappingmodel in Sources */,
				428FD0091796B223002E0D33 /* UnitPickerTF.m in Sources */,
				42D0020A178B74C700DBE6FB /* ShopTVC.m in Sources */,
				422C361F17A9FDFA00531743 /* adler32.c in Sources */,
				422C361817A9FDFA00531743 /* mztools.c in Sources */,
				4203047F17C7012D000C7FE7 /* LocationAtHome.m in Sources */,
			);
			runOnlyForDeploymentPostprocessing = 0;
		};
		4227D50E177DB1E10017DF21 /* Sources */ = {
			isa = PBXSourcesBuildPhase;
			buildActionMask = 2147483647;
			files = (
				4227D520177DB1E10017DF21 /* Grocery_DudeTests.m in Sources */,
			);
			runOnlyForDeploymentPostprocessing = 0;
		};
/* End PBXSourcesBuildPhase section */

/* Begin PBXTargetDependency section */
		4227D518177DB1E10017DF21 /* PBXTargetDependency */ = {
			isa = PBXTargetDependency;
			target = 4227D4F0177DB1E10017DF21 /* Grocery Dude */;
			targetProxy = 4227D517177DB1E10017DF21 /* PBXContainerItemProxy */;
		};
/* End PBXTargetDependency section */

/* Begin PBXVariantGroup section */
		4227D4FD177DB1E10017DF21 /* InfoPlist.strings */ = {
			isa = PBXVariantGroup;
			children = (
				4227D4FE177DB1E10017DF21 /* en */,
			);
			name = InfoPlist.strings;
			sourceTree = "<group>";
		};
		4227D506177DB1E10017DF21 /* Main.storyboard */ = {
			isa = PBXVariantGroup;
			children = (
				4227D507177DB1E10017DF21 /* Base */,
			);
			name = Main.storyboard;
			sourceTree = "<group>";
		};
		4227D51C177DB1E10017DF21 /* InfoPlist.strings */ = {
			isa = PBXVariantGroup;
			children = (
				4227D51D177DB1E10017DF21 /* en */,
			);
			name = InfoPlist.strings;
			sourceTree = "<group>";
		};
/* End PBXVariantGroup section */

/* Begin XCBuildConfiguration section */
		4227D521177DB1E10017DF21 /* Debug */ = {
			isa = XCBuildConfiguration;
			buildSettings = {
				ALWAYS_SEARCH_USER_PATHS = NO;
				CLANG_CXX_LANGUAGE_STANDARD = "gnu++0x";
				CLANG_CXX_LIBRARY = "libc++";
				CLANG_ENABLE_MODULES = YES;
				CLANG_ENABLE_OBJC_ARC = YES;
				CLANG_WARN_BOOL_CONVERSION = YES;
				CLANG_WARN_CONSTANT_CONVERSION = YES;
				CLANG_WARN_DIRECT_OBJC_ISA_USAGE = YES_ERROR;
				CLANG_WARN_EMPTY_BODY = YES;
				CLANG_WARN_ENUM_CONVERSION = YES;
				CLANG_WARN_INT_CONVERSION = YES;
				CLANG_WARN_OBJC_ROOT_CLASS = YES_ERROR;
				CLANG_WARN__DUPLICATE_METHOD_MATCH = YES;
				"CODE_SIGN_IDENTITY[sdk=iphoneos*]" = "iPhone Developer";
				COPY_PHASE_STRIP = NO;
				GCC_C_LANGUAGE_STANDARD = gnu99;
				GCC_DYNAMIC_NO_PIC = NO;
				GCC_OPTIMIZATION_LEVEL = 0;
				GCC_PREPROCESSOR_DEFINITIONS = (
					"DEBUG=1",
					"$(inherited)",
				);
				GCC_SYMBOLS_PRIVATE_EXTERN = NO;
				GCC_WARN_ABOUT_RETURN_TYPE = YES_ERROR;
				GCC_WARN_UNDECLARED_SELECTOR = YES;
				GCC_WARN_UNINITIALIZED_AUTOS = YES;
				GCC_WARN_UNUSED_FUNCTION = YES;
				GCC_WARN_UNUSED_VARIABLE = YES;
				IPHONEOS_DEPLOYMENT_TARGET = 7.0;
				ONLY_ACTIVE_ARCH = YES;
				SDKROOT = iphoneos;
			};
			name = Debug;
		};
		4227D522177DB1E10017DF21 /* Release */ = {
			isa = XCBuildConfiguration;
			buildSettings = {
				ALWAYS_SEARCH_USER_PATHS = NO;
				CLANG_CXX_LANGUAGE_STANDARD = "gnu++0x";
				CLANG_CXX_LIBRARY = "libc++";
				CLANG_ENABLE_MODULES = YES;
				CLANG_ENABLE_OBJC_ARC = YES;
				CLANG_WARN_BOOL_CONVERSION = YES;
				CLANG_WARN_CONSTANT_CONVERSION = YES;
				CLANG_WARN_DIRECT_OBJC_ISA_USAGE = YES_ERROR;
				CLANG_WARN_EMPTY_BODY = YES;
				CLANG_WARN_ENUM_CONVERSION = YES;
				CLANG_WARN_INT_CONVERSION = YES;
				CLANG_WARN_OBJC_ROOT_CLASS = YES_ERROR;
				CLANG_WARN__DUPLICATE_METHOD_MATCH = YES;
				"CODE_SIGN_IDENTITY[sdk=iphoneos*]" = "iPhone Developer";
				COPY_PHASE_STRIP = YES;
				ENABLE_NS_ASSERTIONS = NO;
				GCC_C_LANGUAGE_STANDARD = gnu99;
				GCC_WARN_ABOUT_RETURN_TYPE = YES_ERROR;
				GCC_WARN_UNDECLARED_SELECTOR = YES;
				GCC_WARN_UNINITIALIZED_AUTOS = YES;
				GCC_WARN_UNUSED_FUNCTION = YES;
				GCC_WARN_UNUSED_VARIABLE = YES;
				IPHONEOS_DEPLOYMENT_TARGET = 7.0;
				SDKROOT = iphoneos;
				VALIDATE_PRODUCT = YES;
			};
			name = Release;
		};
		4227D524177DB1E10017DF21 /* Debug */ = {
			isa = XCBuildConfiguration;
			buildSettings = {
				ASSETCATALOG_COMPILER_APPICON_NAME = AppIcon;
				ASSETCATALOG_COMPILER_LAUNCHIMAGE_NAME = LaunchImage;
				CODE_SIGN_ENTITLEMENTS = "Grocery Dude/Grocery Dude.entitlements";
				FRAMEWORK_SEARCH_PATHS = "./**";
				GCC_PRECOMPILE_PREFIX_HEADER = YES;
				GCC_PREFIX_HEADER = "Grocery Dude/Grocery Dude-Prefix.pch";
				INFOPLIST_FILE = "Grocery Dude/Grocery Dude-Info.plist";
				PRODUCT_NAME = "$(TARGET_NAME)";
				WRAPPER_EXTENSION = app;
			};
			name = Debug;
		};
		4227D525177DB1E10017DF21 /* Release */ = {
			isa = XCBuildConfiguration;
			buildSettings = {
				ASSETCATALOG_COMPILER_APPICON_NAME = AppIcon;
				ASSETCATALOG_COMPILER_LAUNCHIMAGE_NAME = LaunchImage;
				CODE_SIGN_ENTITLEMENTS = "Grocery Dude/Grocery Dude.entitlements";
				FRAMEWORK_SEARCH_PATHS = "./**";
				GCC_PRECOMPILE_PREFIX_HEADER = YES;
				GCC_PREFIX_HEADER = "Grocery Dude/Grocery Dude-Prefix.pch";
				INFOPLIST_FILE = "Grocery Dude/Grocery Dude-Info.plist";
				PRODUCT_NAME = "$(TARGET_NAME)";
				WRAPPER_EXTENSION = app;
			};
			name = Release;
		};
		4227D527177DB1E10017DF21 /* Debug */ = {
			isa = XCBuildConfiguration;
			buildSettings = {
				BUNDLE_LOADER = "$(BUILT_PRODUCTS_DIR)/Grocery Dude.app/Grocery Dude";
				FRAMEWORK_SEARCH_PATHS = (
					"$(SDKROOT)/Developer/Library/Frameworks",
					"$(inherited)",
					"$(SYSTEM_APPS_DIR)/Xcode5-DP2.app/Contents/Developer/Library/Frameworks",
				);
				GCC_PRECOMPILE_PREFIX_HEADER = YES;
				GCC_PREFIX_HEADER = "Grocery Dude/Grocery Dude-Prefix.pch";
				GCC_PREPROCESSOR_DEFINITIONS = (
					"DEBUG=1",
					"$(inherited)",
				);
				INFOPLIST_FILE = "Grocery DudeTests/Grocery DudeTests-Info.plist";
				PRODUCT_NAME = "$(TARGET_NAME)";
				TEST_HOST = "$(BUNDLE_LOADER)";
				WRAPPER_EXTENSION = xctest;
			};
			name = Debug;
		};
		4227D528177DB1E10017DF21 /* Release */ = {
			isa = XCBuildConfiguration;
			buildSettings = {
				BUNDLE_LOADER = "$(BUILT_PRODUCTS_DIR)/Grocery Dude.app/Grocery Dude";
				FRAMEWORK_SEARCH_PATHS = (
					"$(SDKROOT)/Developer/Library/Frameworks",
					"$(inherited)",
					"$(SYSTEM_APPS_DIR)/Xcode5-DP2.app/Contents/Developer/Library/Frameworks",
				);
				GCC_PRECOMPILE_PREFIX_HEADER = YES;
				GCC_PREFIX_HEADER = "Grocery Dude/Grocery Dude-Prefix.pch";
				INFOPLIST_FILE = "Grocery DudeTests/Grocery DudeTests-Info.plist";
				PRODUCT_NAME = "$(TARGET_NAME)";
				TEST_HOST = "$(BUNDLE_LOADER)";
				WRAPPER_EXTENSION = xctest;
			};
			name = Release;
		};
/* End XCBuildConfiguration section */

/* Begin XCConfigurationList section */
		4227D4EC177DB1E10017DF21 /* Build configuration list for PBXProject "Grocery Dude" */ = {
			isa = XCConfigurationList;
			buildConfigurations = (
				4227D521177DB1E10017DF21 /* Debug */,
				4227D522177DB1E10017DF21 /* Release */,
			);
			defaultConfigurationIsVisible = 0;
			defaultConfigurationName = Release;
		};
		4227D523177DB1E10017DF21 /* Build configuration list for PBXNativeTarget "Grocery Dude" */ = {
			isa = XCConfigurationList;
			buildConfigurations = (
				4227D524177DB1E10017DF21 /* Debug */,
				4227D525177DB1E10017DF21 /* Release */,
			);
			defaultConfigurationIsVisible = 0;
			defaultConfigurationName = Release;
		};
		4227D526177DB1E10017DF21 /* Build configuration list for PBXNativeTarget "Grocery DudeTests" */ = {
			isa = XCConfigurationList;
			buildConfigurations = (
				4227D527177DB1E10017DF21 /* Debug */,
				4227D528177DB1E10017DF21 /* Release */,
			);
			defaultConfigurationIsVisible = 0;
			defaultConfigurationName = Release;
		};
/* End XCConfigurationList section */

/* Begin XCVersionGroup section */
		427ACA31178122CD002E5F24 /* Model.xcdatamodeld */ = {
			isa = XCVersionGroup;
			children = (
				4203047617C70086000C7FE7 /* Model 9.xcdatamodel */,
				42D8481A17A550FE005BF2F6 /* Model 8.xcdatamodel */,
				42D8481617A54F7E005BF2F6 /* Model 7.xcdatamodel */,
				4207C1E917882BE700B82E38 /* Model 6.xcdatamodel */,
				4207C1E21788207C00B82E38 /* Model 5.xcdatamodel */,
				42CC8BC417844B1900BC85C2 /* Model 4.xcdatamodel */,
				42CB352F17843FD10014CF8D /* Model 3.xcdatamodel */,
				4279C2FA17843B0600C83C0F /* Model 2.xcdatamodel */,
				427ACA32178122CD002E5F24 /* Model.xcdatamodel */,
			);
			currentVersion = 4203047617C70086000C7FE7 /* Model 9.xcdatamodel */;
			path = Model.xcdatamodeld;
			sourceTree = "<group>";
			versionGroupType = wrapper.xcdatamodel;
		};
/* End XCVersionGroup section */
	};
	rootObject = 4227D4E9177DB1E10017DF21 /* Project object */;
}
